// !$*UTF8*$!
{
	archiveVersion = 1;
	classes = {
	};
	objectVersion = 51;
	objects = {

/* Begin PBXBuildFile section */
		3C6A114123B5240100F1D8D7 /* AppDelegate.swift in Sources */ = {isa = PBXBuildFile; fileRef = 3C6A114023B5240100F1D8D7 /* AppDelegate.swift */; };
		3C6A114323B5240100F1D8D7 /* DiscoverViewController.swift in Sources */ = {isa = PBXBuildFile; fileRef = 3C6A114223B5240100F1D8D7 /* DiscoverViewController.swift */; };
		3C6A114523B5240100F1D8D7 /* SearchViewController.swift in Sources */ = {isa = PBXBuildFile; fileRef = 3C6A114423B5240100F1D8D7 /* SearchViewController.swift */; };
		3C6A114823B5240100F1D8D7 /* Main.storyboard in Resources */ = {isa = PBXBuildFile; fileRef = 3C6A114623B5240100F1D8D7 /* Main.storyboard */; };
		3C6A114A23B5240200F1D8D7 /* Assets.xcassets in Resources */ = {isa = PBXBuildFile; fileRef = 3C6A114923B5240200F1D8D7 /* Assets.xcassets */; };
		3C6A114D23B5240200F1D8D7 /* LaunchScreen.storyboard in Resources */ = {isa = PBXBuildFile; fileRef = 3C6A114B23B5240200F1D8D7 /* LaunchScreen.storyboard */; };
		3C6A115823B5240200F1D8D7 /* DjangoTests.swift in Sources */ = {isa = PBXBuildFile; fileRef = 3C6A115723B5240200F1D8D7 /* DjangoTests.swift */; };
		3C6A116323B5240200F1D8D7 /* DjangoUITests.swift in Sources */ = {isa = PBXBuildFile; fileRef = 3C6A116223B5240200F1D8D7 /* DjangoUITests.swift */; };
		3CA3360423B54B2000675D66 /* AboutViewController.swift in Sources */ = {isa = PBXBuildFile; fileRef = 3CA3360323B54B2000675D66 /* AboutViewController.swift */; };
		3CB0F53F23B5685A0068F10B /* Movie.swift in Sources */ = {isa = PBXBuildFile; fileRef = 3CB0F53E23B5685A0068F10B /* Movie.swift */; };
		3CB0F54223B56B340068F10B /* TMDBService.swift in Sources */ = {isa = PBXBuildFile; fileRef = 3CB0F54123B56B340068F10B /* TMDBService.swift */; };
		3CB0F54423B61D890068F10B /* TMDB.swift in Sources */ = {isa = PBXBuildFile; fileRef = 3CB0F54323B61D890068F10B /* TMDB.swift */; };
		4FF67236513FEDC31997D6A2 /* Pods_DjangoTests.framework in Frameworks */ = {isa = PBXBuildFile; fileRef = 27242E5CE98C748C880D936B /* Pods_DjangoTests.framework */; };
		77ABD3D8869CCBE010A22207 /* Pods_Django.framework in Frameworks */ = {isa = PBXBuildFile; fileRef = D77A358BF8120079A82650FB /* Pods_Django.framework */; };
		B2C817BB3338969B3B3756A9 /* Pods_Django_DjangoUITests.framework in Frameworks */ = {isa = PBXBuildFile; fileRef = E4371FE3129D8612ACCCC972 /* Pods_Django_DjangoUITests.framework */; };
/* End PBXBuildFile section */

/* Begin PBXContainerItemProxy section */
		3C6A115423B5240200F1D8D7 /* PBXContainerItemProxy */ = {
			isa = PBXContainerItemProxy;
			containerPortal = 3C6A113523B5240100F1D8D7 /* Project object */;
			proxyType = 1;
			remoteGlobalIDString = 3C6A113C23B5240100F1D8D7;
			remoteInfo = Django;
		};
		3C6A115F23B5240200F1D8D7 /* PBXContainerItemProxy */ = {
			isa = PBXContainerItemProxy;
			containerPortal = 3C6A113523B5240100F1D8D7 /* Project object */;
			proxyType = 1;
			remoteGlobalIDString = 3C6A113C23B5240100F1D8D7;
			remoteInfo = Django;
		};
/* End PBXContainerItemProxy section */

/* Begin PBXFileReference section */
		27242E5CE98C748C880D936B /* Pods_DjangoTests.framework */ = {isa = PBXFileReference; explicitFileType = wrapper.framework; includeInIndex = 0; path = Pods_DjangoTests.framework; sourceTree = BUILT_PRODUCTS_DIR; };
		31202EBC3A048B3ADBCED0EF /* Pods-Django.release.xcconfig */ = {isa = PBXFileReference; includeInIndex = 1; lastKnownFileType = text.xcconfig; name = "Pods-Django.release.xcconfig"; path = "Target Support Files/Pods-Django/Pods-Django.release.xcconfig"; sourceTree = "<group>"; };
		3C6A113D23B5240100F1D8D7 /* Django.app */ = {isa = PBXFileReference; explicitFileType = wrapper.application; includeInIndex = 0; path = Django.app; sourceTree = BUILT_PRODUCTS_DIR; };
		3C6A114023B5240100F1D8D7 /* AppDelegate.swift */ = {isa = PBXFileReference; lastKnownFileType = sourcecode.swift; path = AppDelegate.swift; sourceTree = "<group>"; };
		3C6A114223B5240100F1D8D7 /* DiscoverViewController.swift */ = {isa = PBXFileReference; lastKnownFileType = sourcecode.swift; path = DiscoverViewController.swift; sourceTree = "<group>"; };
		3C6A114423B5240100F1D8D7 /* SearchViewController.swift */ = {isa = PBXFileReference; lastKnownFileType = sourcecode.swift; path = SearchViewController.swift; sourceTree = "<group>"; };
		3C6A114723B5240100F1D8D7 /* Base */ = {isa = PBXFileReference; lastKnownFileType = file.storyboard; name = Base; path = Base.lproj/Main.storyboard; sourceTree = "<group>"; };
		3C6A114923B5240200F1D8D7 /* Assets.xcassets */ = {isa = PBXFileReference; lastKnownFileType = folder.assetcatalog; path = Assets.xcassets; sourceTree = "<group>"; };
		3C6A114C23B5240200F1D8D7 /* Base */ = {isa = PBXFileReference; lastKnownFileType = file.storyboard; name = Base; path = Base.lproj/LaunchScreen.storyboard; sourceTree = "<group>"; };
		3C6A114E23B5240200F1D8D7 /* Info.plist */ = {isa = PBXFileReference; lastKnownFileType = text.plist.xml; path = Info.plist; sourceTree = "<group>"; };
		3C6A115323B5240200F1D8D7 /* DjangoTests.xctest */ = {isa = PBXFileReference; explicitFileType = wrapper.cfbundle; includeInIndex = 0; path = DjangoTests.xctest; sourceTree = BUILT_PRODUCTS_DIR; };
		3C6A115723B5240200F1D8D7 /* DjangoTests.swift */ = {isa = PBXFileReference; lastKnownFileType = sourcecode.swift; path = DjangoTests.swift; sourceTree = "<group>"; };
		3C6A115923B5240200F1D8D7 /* Info.plist */ = {isa = PBXFileReference; lastKnownFileType = text.plist.xml; path = Info.plist; sourceTree = "<group>"; };
		3C6A115E23B5240200F1D8D7 /* DjangoUITests.xctest */ = {isa = PBXFileReference; explicitFileType = wrapper.cfbundle; includeInIndex = 0; path = DjangoUITests.xctest; sourceTree = BUILT_PRODUCTS_DIR; };
		3C6A116223B5240200F1D8D7 /* DjangoUITests.swift */ = {isa = PBXFileReference; lastKnownFileType = sourcecode.swift; path = DjangoUITests.swift; sourceTree = "<group>"; };
		3C6A116423B5240200F1D8D7 /* Info.plist */ = {isa = PBXFileReference; lastKnownFileType = text.plist.xml; path = Info.plist; sourceTree = "<group>"; };
		3CA3360323B54B2000675D66 /* AboutViewController.swift */ = {isa = PBXFileReference; lastKnownFileType = sourcecode.swift; path = AboutViewController.swift; sourceTree = "<group>"; };
		3CB0F53E23B5685A0068F10B /* Movie.swift */ = {isa = PBXFileReference; lastKnownFileType = sourcecode.swift; path = Movie.swift; sourceTree = "<group>"; };
		3CB0F54123B56B340068F10B /* TMDBService.swift */ = {isa = PBXFileReference; lastKnownFileType = sourcecode.swift; path = TMDBService.swift; sourceTree = "<group>"; };
		3CB0F54323B61D890068F10B /* TMDB.swift */ = {isa = PBXFileReference; lastKnownFileType = sourcecode.swift; path = TMDB.swift; sourceTree = "<group>"; };
		426ECA145E8BE7E2F663F7D6 /* Pods-DjangoTests.debug.xcconfig */ = {isa = PBXFileReference; includeInIndex = 1; lastKnownFileType = text.xcconfig; name = "Pods-DjangoTests.debug.xcconfig"; path = "Target Support Files/Pods-DjangoTests/Pods-DjangoTests.debug.xcconfig"; sourceTree = "<group>"; };
		72DC61EAEB554C59A77CBE11 /* Pods-Django-DjangoUITests.debug.xcconfig */ = {isa = PBXFileReference; includeInIndex = 1; lastKnownFileType = text.xcconfig; name = "Pods-Django-DjangoUITests.debug.xcconfig"; path = "Target Support Files/Pods-Django-DjangoUITests/Pods-Django-DjangoUITests.debug.xcconfig"; sourceTree = "<group>"; };
		958632C288789EBCFD653AAB /* Pods-DjangoTests.release.xcconfig */ = {isa = PBXFileReference; includeInIndex = 1; lastKnownFileType = text.xcconfig; name = "Pods-DjangoTests.release.xcconfig"; path = "Target Support Files/Pods-DjangoTests/Pods-DjangoTests.release.xcconfig"; sourceTree = "<group>"; };
		A0A589CA9FD4EC28C2C891EE /* Pods-Django-DjangoUITests.release.xcconfig */ = {isa = PBXFileReference; includeInIndex = 1; lastKnownFileType = text.xcconfig; name = "Pods-Django-DjangoUITests.release.xcconfig"; path = "Target Support Files/Pods-Django-DjangoUITests/Pods-Django-DjangoUITests.release.xcconfig"; sourceTree = "<group>"; };
		B3046CF1799289C3D0C7A44B /* Pods-Django.debug.xcconfig */ = {isa = PBXFileReference; includeInIndex = 1; lastKnownFileType = text.xcconfig; name = "Pods-Django.debug.xcconfig"; path = "Target Support Files/Pods-Django/Pods-Django.debug.xcconfig"; sourceTree = "<group>"; };
		D77A358BF8120079A82650FB /* Pods_Django.framework */ = {isa = PBXFileReference; explicitFileType = wrapper.framework; includeInIndex = 0; path = Pods_Django.framework; sourceTree = BUILT_PRODUCTS_DIR; };
		E4371FE3129D8612ACCCC972 /* Pods_Django_DjangoUITests.framework */ = {isa = PBXFileReference; explicitFileType = wrapper.framework; includeInIndex = 0; path = Pods_Django_DjangoUITests.framework; sourceTree = BUILT_PRODUCTS_DIR; };
/* End PBXFileReference section */

/* Begin PBXFrameworksBuildPhase section */
		3C6A113A23B5240100F1D8D7 /* Frameworks */ = {
			isa = PBXFrameworksBuildPhase;
			buildActionMask = 2147483647;
			files = (
				77ABD3D8869CCBE010A22207 /* Pods_Django.framework in Frameworks */,
			);
			runOnlyForDeploymentPostprocessing = 0;
		};
		3C6A115023B5240200F1D8D7 /* Frameworks */ = {
			isa = PBXFrameworksBuildPhase;
			buildActionMask = 2147483647;
			files = (
				4FF67236513FEDC31997D6A2 /* Pods_DjangoTests.framework in Frameworks */,
			);
			runOnlyForDeploymentPostprocessing = 0;
		};
		3C6A115B23B5240200F1D8D7 /* Frameworks */ = {
			isa = PBXFrameworksBuildPhase;
			buildActionMask = 2147483647;
			files = (
				B2C817BB3338969B3B3756A9 /* Pods_Django_DjangoUITests.framework in Frameworks */,
			);
			runOnlyForDeploymentPostprocessing = 0;
		};
/* End PBXFrameworksBuildPhase section */

/* Begin PBXGroup section */
		146F7EBBC690E4259F08E1F5 /* Frameworks */ = {
			isa = PBXGroup;
			children = (
				D77A358BF8120079A82650FB /* Pods_Django.framework */,
				E4371FE3129D8612ACCCC972 /* Pods_Django_DjangoUITests.framework */,
				27242E5CE98C748C880D936B /* Pods_DjangoTests.framework */,
			);
			name = Frameworks;
			sourceTree = "<group>";
		};
		3C6A113423B5240100F1D8D7 = {
			isa = PBXGroup;
			children = (
				3C6A113F23B5240100F1D8D7 /* Django */,
				3C6A115623B5240200F1D8D7 /* DjangoTests */,
				3C6A116123B5240200F1D8D7 /* DjangoUITests */,
				3C6A113E23B5240100F1D8D7 /* Products */,
				5B605A88C7D8A8CDAD717D26 /* Pods */,
				146F7EBBC690E4259F08E1F5 /* Frameworks */,
			);
			sourceTree = "<group>";
		};
		3C6A113E23B5240100F1D8D7 /* Products */ = {
			isa = PBXGroup;
			children = (
				3C6A113D23B5240100F1D8D7 /* Django.app */,
				3C6A115323B5240200F1D8D7 /* DjangoTests.xctest */,
				3C6A115E23B5240200F1D8D7 /* DjangoUITests.xctest */,
			);
			name = Products;
			sourceTree = "<group>";
		};
		3C6A113F23B5240100F1D8D7 /* Django */ = {
			isa = PBXGroup;
			children = (
				3C6A114623B5240100F1D8D7 /* Main.storyboard */,
				3C6A114023B5240100F1D8D7 /* AppDelegate.swift */,
				3C6A114923B5240200F1D8D7 /* Assets.xcassets */,
				3CB0F53D23B567410068F10B /* Model */,
				3CB0F53C23B566B10068F10B /* ViewController */,
				3CB0F54023B56A900068F10B /* Service */,
				3C6A114B23B5240200F1D8D7 /* LaunchScreen.storyboard */,
				3C6A114E23B5240200F1D8D7 /* Info.plist */,
			);
			path = Django;
			sourceTree = "<group>";
		};
		3C6A115623B5240200F1D8D7 /* DjangoTests */ = {
			isa = PBXGroup;
			children = (
				3C6A115723B5240200F1D8D7 /* DjangoTests.swift */,
				3C6A115923B5240200F1D8D7 /* Info.plist */,
			);
			path = DjangoTests;
			sourceTree = "<group>";
		};
		3C6A116123B5240200F1D8D7 /* DjangoUITests */ = {
			isa = PBXGroup;
			children = (
				3C6A116223B5240200F1D8D7 /* DjangoUITests.swift */,
				3C6A116423B5240200F1D8D7 /* Info.plist */,
			);
			path = DjangoUITests;
			sourceTree = "<group>";
		};
		3CB0F53C23B566B10068F10B /* ViewController */ = {
			isa = PBXGroup;
			children = (
				3CA3360323B54B2000675D66 /* AboutViewController.swift */,
				3C6A114423B5240100F1D8D7 /* SearchViewController.swift */,
				3C6A114223B5240100F1D8D7 /* DiscoverViewController.swift */,
			);
			path = ViewController;
			sourceTree = "<group>";
		};
		3CB0F53D23B567410068F10B /* Model */ = {
			isa = PBXGroup;
			children = (
				3CB0F53E23B5685A0068F10B /* Movie.swift */,
			);
			path = Model;
			sourceTree = "<group>";
		};
		3CB0F54023B56A900068F10B /* Service */ = {
			isa = PBXGroup;
			children = (
				3CB0F54123B56B340068F10B /* TMDBService.swift */,
				3CB0F54323B61D890068F10B /* TMDB.swift */,
			);
			path = Service;
			sourceTree = "<group>";
		};
		5B605A88C7D8A8CDAD717D26 /* Pods */ = {
			isa = PBXGroup;
			children = (
				B3046CF1799289C3D0C7A44B /* Pods-Django.debug.xcconfig */,
				31202EBC3A048B3ADBCED0EF /* Pods-Django.release.xcconfig */,
				72DC61EAEB554C59A77CBE11 /* Pods-Django-DjangoUITests.debug.xcconfig */,
				A0A589CA9FD4EC28C2C891EE /* Pods-Django-DjangoUITests.release.xcconfig */,
				426ECA145E8BE7E2F663F7D6 /* Pods-DjangoTests.debug.xcconfig */,
				958632C288789EBCFD653AAB /* Pods-DjangoTests.release.xcconfig */,
			);
			path = Pods;
			sourceTree = "<group>";
		};
/* End PBXGroup section */

/* Begin PBXNativeTarget section */
		3C6A113C23B5240100F1D8D7 /* Django */ = {
			isa = PBXNativeTarget;
			buildConfigurationList = 3C6A116723B5240300F1D8D7 /* Build configuration list for PBXNativeTarget "Django" */;
			buildPhases = (
				D03D820824B6B52691D0A20F /* [CP] Check Pods Manifest.lock */,
				3C6A113923B5240100F1D8D7 /* Sources */,
				3C6A113A23B5240100F1D8D7 /* Frameworks */,
				3C6A113B23B5240100F1D8D7 /* Resources */,
				3BE343B7C52AB20F8254FAC7 /* [CP] Embed Pods Frameworks */,
			);
			buildRules = (
			);
			dependencies = (
			);
			name = Django;
			productName = Django;
			productReference = 3C6A113D23B5240100F1D8D7 /* Django.app */;
			productType = "com.apple.product-type.application";
		};
		3C6A115223B5240200F1D8D7 /* DjangoTests */ = {
			isa = PBXNativeTarget;
			buildConfigurationList = 3C6A116A23B5240300F1D8D7 /* Build configuration list for PBXNativeTarget "DjangoTests" */;
			buildPhases = (
				431D13E2D61E0825DCAAA6B2 /* [CP] Check Pods Manifest.lock */,
				3C6A114F23B5240200F1D8D7 /* Sources */,
				3C6A115023B5240200F1D8D7 /* Frameworks */,
				3C6A115123B5240200F1D8D7 /* Resources */,
			);
			buildRules = (
			);
			dependencies = (
				3C6A115523B5240200F1D8D7 /* PBXTargetDependency */,
			);
			name = DjangoTests;
			productName = DjangoTests;
			productReference = 3C6A115323B5240200F1D8D7 /* DjangoTests.xctest */;
			productType = "com.apple.product-type.bundle.unit-test";
		};
		3C6A115D23B5240200F1D8D7 /* DjangoUITests */ = {
			isa = PBXNativeTarget;
			buildConfigurationList = 3C6A116D23B5240300F1D8D7 /* Build configuration list for PBXNativeTarget "DjangoUITests" */;
			buildPhases = (
				5CF01073293835B492F1C16D /* [CP] Check Pods Manifest.lock */,
				3C6A115A23B5240200F1D8D7 /* Sources */,
				3C6A115B23B5240200F1D8D7 /* Frameworks */,
				3C6A115C23B5240200F1D8D7 /* Resources */,
				484120542C063A3BB43F555D /* [CP] Embed Pods Frameworks */,
			);
			buildRules = (
			);
			dependencies = (
				3C6A116023B5240200F1D8D7 /* PBXTargetDependency */,
			);
			name = DjangoUITests;
			productName = DjangoUITests;
			productReference = 3C6A115E23B5240200F1D8D7 /* DjangoUITests.xctest */;
			productType = "com.apple.product-type.bundle.ui-testing";
		};
/* End PBXNativeTarget section */

/* Begin PBXProject section */
		3C6A113523B5240100F1D8D7 /* Project object */ = {
			isa = PBXProject;
			attributes = {
				LastSwiftUpdateCheck = 1030;
				LastUpgradeCheck = 1030;
				ORGANIZATIONNAME = "Shauni Van de Velde";
				TargetAttributes = {
					3C6A113C23B5240100F1D8D7 = {
						CreatedOnToolsVersion = 10.3;
					};
					3C6A115223B5240200F1D8D7 = {
						CreatedOnToolsVersion = 10.3;
						TestTargetID = 3C6A113C23B5240100F1D8D7;
					};
					3C6A115D23B5240200F1D8D7 = {
						CreatedOnToolsVersion = 10.3;
						TestTargetID = 3C6A113C23B5240100F1D8D7;
					};
				};
			};
			buildConfigurationList = 3C6A113823B5240100F1D8D7 /* Build configuration list for PBXProject "Django" */;
			compatibilityVersion = "Xcode 9.3";
			developmentRegion = en;
			hasScannedForEncodings = 0;
			knownRegions = (
				en,
				Base,
			);
			mainGroup = 3C6A113423B5240100F1D8D7;
			productRefGroup = 3C6A113E23B5240100F1D8D7 /* Products */;
			projectDirPath = "";
			projectRoot = "";
			targets = (
				3C6A113C23B5240100F1D8D7 /* Django */,
				3C6A115223B5240200F1D8D7 /* DjangoTests */,
				3C6A115D23B5240200F1D8D7 /* DjangoUITests */,
			);
		};
/* End PBXProject section */

/* Begin PBXResourcesBuildPhase section */
		3C6A113B23B5240100F1D8D7 /* Resources */ = {
			isa = PBXResourcesBuildPhase;
			buildActionMask = 2147483647;
			files = (
				3C6A114D23B5240200F1D8D7 /* LaunchScreen.storyboard in Resources */,
				3C6A114A23B5240200F1D8D7 /* Assets.xcassets in Resources */,
				3C6A114823B5240100F1D8D7 /* Main.storyboard in Resources */,
			);
			runOnlyForDeploymentPostprocessing = 0;
		};
		3C6A115123B5240200F1D8D7 /* Resources */ = {
			isa = PBXResourcesBuildPhase;
			buildActionMask = 2147483647;
			files = (
			);
			runOnlyForDeploymentPostprocessing = 0;
		};
		3C6A115C23B5240200F1D8D7 /* Resources */ = {
			isa = PBXResourcesBuildPhase;
			buildActionMask = 2147483647;
			files = (
			);
			runOnlyForDeploymentPostprocessing = 0;
		};
/* End PBXResourcesBuildPhase section */

/* Begin PBXShellScriptBuildPhase section */
		3BE343B7C52AB20F8254FAC7 /* [CP] Embed Pods Frameworks */ = {
			isa = PBXShellScriptBuildPhase;
			buildActionMask = 2147483647;
			files = (
			);
			inputFileListPaths = (
				"${PODS_ROOT}/Target Support Files/Pods-Django/Pods-Django-frameworks-${CONFIGURATION}-input-files.xcfilelist",
			);
			name = "[CP] Embed Pods Frameworks";
			outputFileListPaths = (
				"${PODS_ROOT}/Target Support Files/Pods-Django/Pods-Django-frameworks-${CONFIGURATION}-output-files.xcfilelist",
			);
			runOnlyForDeploymentPostprocessing = 0;
			shellPath = /bin/sh;
			shellScript = "\"${PODS_ROOT}/Target Support Files/Pods-Django/Pods-Django-frameworks.sh\"\n";
			showEnvVarsInLog = 0;
		};
		431D13E2D61E0825DCAAA6B2 /* [CP] Check Pods Manifest.lock */ = {
			isa = PBXShellScriptBuildPhase;
			buildActionMask = 2147483647;
			files = (
			);
			inputFileListPaths = (
			);
			inputPaths = (
				"${PODS_PODFILE_DIR_PATH}/Podfile.lock",
				"${PODS_ROOT}/Manifest.lock",
			);
			name = "[CP] Check Pods Manifest.lock";
			outputFileListPaths = (
			);
			outputPaths = (
				"$(DERIVED_FILE_DIR)/Pods-DjangoTests-checkManifestLockResult.txt",
			);
			runOnlyForDeploymentPostprocessing = 0;
			shellPath = /bin/sh;
			shellScript = "diff \"${PODS_PODFILE_DIR_PATH}/Podfile.lock\" \"${PODS_ROOT}/Manifest.lock\" > /dev/null\nif [ $? != 0 ] ; then\n    # print error to STDERR\n    echo \"error: The sandbox is not in sync with the Podfile.lock. Run 'pod install' or update your CocoaPods installation.\" >&2\n    exit 1\nfi\n# This output is used by Xcode 'outputs' to avoid re-running this script phase.\necho \"SUCCESS\" > \"${SCRIPT_OUTPUT_FILE_0}\"\n";
			showEnvVarsInLog = 0;
		};
		484120542C063A3BB43F555D /* [CP] Embed Pods Frameworks */ = {
			isa = PBXShellScriptBuildPhase;
			buildActionMask = 2147483647;
			files = (
			);
			inputFileListPaths = (
				"${PODS_ROOT}/Target Support Files/Pods-Django-DjangoUITests/Pods-Django-DjangoUITests-frameworks-${CONFIGURATION}-input-files.xcfilelist",
			);
			name = "[CP] Embed Pods Frameworks";
			outputFileListPaths = (
				"${PODS_ROOT}/Target Support Files/Pods-Django-DjangoUITests/Pods-Django-DjangoUITests-frameworks-${CONFIGURATION}-output-files.xcfilelist",
			);
			runOnlyForDeploymentPostprocessing = 0;
			shellPath = /bin/sh;
			shellScript = "\"${PODS_ROOT}/Target Support Files/Pods-Django-DjangoUITests/Pods-Django-DjangoUITests-frameworks.sh\"\n";
			showEnvVarsInLog = 0;
		};
		5CF01073293835B492F1C16D /* [CP] Check Pods Manifest.lock */ = {
			isa = PBXShellScriptBuildPhase;
			buildActionMask = 2147483647;
			files = (
			);
			inputFileListPaths = (
			);
			inputPaths = (
				"${PODS_PODFILE_DIR_PATH}/Podfile.lock",
				"${PODS_ROOT}/Manifest.lock",
			);
			name = "[CP] Check Pods Manifest.lock";
			outputFileListPaths = (
			);
			outputPaths = (
				"$(DERIVED_FILE_DIR)/Pods-Django-DjangoUITests-checkManifestLockResult.txt",
			);
			runOnlyForDeploymentPostprocessing = 0;
			shellPath = /bin/sh;
			shellScript = "diff \"${PODS_PODFILE_DIR_PATH}/Podfile.lock\" \"${PODS_ROOT}/Manifest.lock\" > /dev/null\nif [ $? != 0 ] ; then\n    # print error to STDERR\n    echo \"error: The sandbox is not in sync with the Podfile.lock. Run 'pod install' or update your CocoaPods installation.\" >&2\n    exit 1\nfi\n# This output is used by Xcode 'outputs' to avoid re-running this script phase.\necho \"SUCCESS\" > \"${SCRIPT_OUTPUT_FILE_0}\"\n";
			showEnvVarsInLog = 0;
		};
		D03D820824B6B52691D0A20F /* [CP] Check Pods Manifest.lock */ = {
			isa = PBXShellScriptBuildPhase;
			buildActionMask = 2147483647;
			files = (
			);
			inputFileListPaths = (
			);
			inputPaths = (
				"${PODS_PODFILE_DIR_PATH}/Podfile.lock",
				"${PODS_ROOT}/Manifest.lock",
			);
			name = "[CP] Check Pods Manifest.lock";
			outputFileListPaths = (
			);
			outputPaths = (
				"$(DERIVED_FILE_DIR)/Pods-Django-checkManifestLockResult.txt",
			);
			runOnlyForDeploymentPostprocessing = 0;
			shellPath = /bin/sh;
			shellScript = "diff \"${PODS_PODFILE_DIR_PATH}/Podfile.lock\" \"${PODS_ROOT}/Manifest.lock\" > /dev/null\nif [ $? != 0 ] ; then\n    # print error to STDERR\n    echo \"error: The sandbox is not in sync with the Podfile.lock. Run 'pod install' or update your CocoaPods installation.\" >&2\n    exit 1\nfi\n# This output is used by Xcode 'outputs' to avoid re-running this script phase.\necho \"SUCCESS\" > \"${SCRIPT_OUTPUT_FILE_0}\"\n";
			showEnvVarsInLog = 0;
		};
/* End PBXShellScriptBuildPhase section */

/* Begin PBXSourcesBuildPhase section */
		3C6A113923B5240100F1D8D7 /* Sources */ = {
			isa = PBXSourcesBuildPhase;
			buildActionMask = 2147483647;
			files = (
				3CB0F54223B56B340068F10B /* TMDBService.swift in Sources */,
				3C6A114523B5240100F1D8D7 /* SearchViewController.swift in Sources */,
				3C6A114123B5240100F1D8D7 /* AppDelegate.swift in Sources */,
				3CA3360423B54B2000675D66 /* AboutViewController.swift in Sources */,
				3CB0F54423B61D890068F10B /* TMDB.swift in Sources */,
				3C6A114323B5240100F1D8D7 /* DiscoverViewController.swift in Sources */,
				3CB0F53F23B5685A0068F10B /* Movie.swift in Sources */,
			);
			runOnlyForDeploymentPostprocessing = 0;
		};
		3C6A114F23B5240200F1D8D7 /* Sources */ = {
			isa = PBXSourcesBuildPhase;
			buildActionMask = 2147483647;
			files = (
				3C6A115823B5240200F1D8D7 /* DjangoTests.swift in Sources */,
			);
			runOnlyForDeploymentPostprocessing = 0;
		};
		3C6A115A23B5240200F1D8D7 /* Sources */ = {
			isa = PBXSourcesBuildPhase;
			buildActionMask = 2147483647;
			files = (
				3C6A116323B5240200F1D8D7 /* DjangoUITests.swift in Sources */,
			);
			runOnlyForDeploymentPostprocessing = 0;
		};
/* End PBXSourcesBuildPhase section */

/* Begin PBXTargetDependency section */
		3C6A115523B5240200F1D8D7 /* PBXTargetDependency */ = {
			isa = PBXTargetDependency;
			target = 3C6A113C23B5240100F1D8D7 /* Django */;
			targetProxy = 3C6A115423B5240200F1D8D7 /* PBXContainerItemProxy */;
		};
		3C6A116023B5240200F1D8D7 /* PBXTargetDependency */ = {
			isa = PBXTargetDependency;
			target = 3C6A113C23B5240100F1D8D7 /* Django */;
			targetProxy = 3C6A115F23B5240200F1D8D7 /* PBXContainerItemProxy */;
		};
/* End PBXTargetDependency section */

/* Begin PBXVariantGroup section */
		3C6A114623B5240100F1D8D7 /* Main.storyboard */ = {
			isa = PBXVariantGroup;
			children = (
				3C6A114723B5240100F1D8D7 /* Base */,
			);
			name = Main.storyboard;
			sourceTree = "<group>";
		};
		3C6A114B23B5240200F1D8D7 /* LaunchScreen.storyboard */ = {
			isa = PBXVariantGroup;
			children = (
				3C6A114C23B5240200F1D8D7 /* Base */,
			);
			name = LaunchScreen.storyboard;
			sourceTree = "<group>";
		};
/* End PBXVariantGroup section */

/* Begin XCBuildConfiguration section */
		3C6A116523B5240300F1D8D7 /* Debug */ = {
			isa = XCBuildConfiguration;
			buildSettings = {
				ALWAYS_SEARCH_USER_PATHS = NO;
				CLANG_ANALYZER_NONNULL = YES;
				CLANG_ANALYZER_NUMBER_OBJECT_CONVERSION = YES_AGGRESSIVE;
				CLANG_CXX_LANGUAGE_STANDARD = "gnu++14";
				CLANG_CXX_LIBRARY = "libc++";
				CLANG_ENABLE_MODULES = YES;
				CLANG_ENABLE_OBJC_ARC = YES;
				CLANG_ENABLE_OBJC_WEAK = YES;
				CLANG_WARN_BLOCK_CAPTURE_AUTORELEASING = YES;
				CLANG_WARN_BOOL_CONVERSION = YES;
				CLANG_WARN_COMMA = YES;
				CLANG_WARN_CONSTANT_CONVERSION = YES;
				CLANG_WARN_DEPRECATED_OBJC_IMPLEMENTATIONS = YES;
				CLANG_WARN_DIRECT_OBJC_ISA_USAGE = YES_ERROR;
				CLANG_WARN_DOCUMENTATION_COMMENTS = YES;
				CLANG_WARN_EMPTY_BODY = YES;
				CLANG_WARN_ENUM_CONVERSION = YES;
				CLANG_WARN_INFINITE_RECURSION = YES;
				CLANG_WARN_INT_CONVERSION = YES;
				CLANG_WARN_NON_LITERAL_NULL_CONVERSION = YES;
				CLANG_WARN_OBJC_IMPLICIT_RETAIN_SELF = YES;
				CLANG_WARN_OBJC_LITERAL_CONVERSION = YES;
				CLANG_WARN_OBJC_ROOT_CLASS = YES_ERROR;
				CLANG_WARN_RANGE_LOOP_ANALYSIS = YES;
				CLANG_WARN_STRICT_PROTOTYPES = YES;
				CLANG_WARN_SUSPICIOUS_MOVE = YES;
				CLANG_WARN_UNGUARDED_AVAILABILITY = YES_AGGRESSIVE;
				CLANG_WARN_UNREACHABLE_CODE = YES;
				CLANG_WARN__DUPLICATE_METHOD_MATCH = YES;
				CODE_SIGN_IDENTITY = "iPhone Developer";
				COPY_PHASE_STRIP = NO;
				DEBUG_INFORMATION_FORMAT = dwarf;
				ENABLE_STRICT_OBJC_MSGSEND = YES;
				ENABLE_TESTABILITY = YES;
				GCC_C_LANGUAGE_STANDARD = gnu11;
				GCC_DYNAMIC_NO_PIC = NO;
				GCC_NO_COMMON_BLOCKS = YES;
				GCC_OPTIMIZATION_LEVEL = 0;
				GCC_PREPROCESSOR_DEFINITIONS = (
					"DEBUG=1",
					"$(inherited)",
				);
				GCC_WARN_64_TO_32_BIT_CONVERSION = YES;
				GCC_WARN_ABOUT_RETURN_TYPE = YES_ERROR;
				GCC_WARN_UNDECLARED_SELECTOR = YES;
				GCC_WARN_UNINITIALIZED_AUTOS = YES_AGGRESSIVE;
				GCC_WARN_UNUSED_FUNCTION = YES;
				GCC_WARN_UNUSED_VARIABLE = YES;
				IPHONEOS_DEPLOYMENT_TARGET = 12.4;
				MTL_ENABLE_DEBUG_INFO = INCLUDE_SOURCE;
				MTL_FAST_MATH = YES;
				ONLY_ACTIVE_ARCH = YES;
				SDKROOT = iphoneos;
				SWIFT_ACTIVE_COMPILATION_CONDITIONS = DEBUG;
				SWIFT_OPTIMIZATION_LEVEL = "-Onone";
			};
			name = Debug;
		};
		3C6A116623B5240300F1D8D7 /* Release */ = {
			isa = XCBuildConfiguration;
			buildSettings = {
				ALWAYS_SEARCH_USER_PATHS = NO;
				CLANG_ANALYZER_NONNULL = YES;
				CLANG_ANALYZER_NUMBER_OBJECT_CONVERSION = YES_AGGRESSIVE;
				CLANG_CXX_LANGUAGE_STANDARD = "gnu++14";
				CLANG_CXX_LIBRARY = "libc++";
				CLANG_ENABLE_MODULES = YES;
				CLANG_ENABLE_OBJC_ARC = YES;
				CLANG_ENABLE_OBJC_WEAK = YES;
				CLANG_WARN_BLOCK_CAPTURE_AUTORELEASING = YES;
				CLANG_WARN_BOOL_CONVERSION = YES;
				CLANG_WARN_COMMA = YES;
				CLANG_WARN_CONSTANT_CONVERSION = YES;
				CLANG_WARN_DEPRECATED_OBJC_IMPLEMENTATIONS = YES;
				CLANG_WARN_DIRECT_OBJC_ISA_USAGE = YES_ERROR;
				CLANG_WARN_DOCUMENTATION_COMMENTS = YES;
				CLANG_WARN_EMPTY_BODY = YES;
				CLANG_WARN_ENUM_CONVERSION = YES;
				CLANG_WARN_INFINITE_RECURSION = YES;
				CLANG_WARN_INT_CONVERSION = YES;
				CLANG_WARN_NON_LITERAL_NULL_CONVERSION = YES;
				CLANG_WARN_OBJC_IMPLICIT_RETAIN_SELF = YES;
				CLANG_WARN_OBJC_LITERAL_CONVERSION = YES;
				CLANG_WARN_OBJC_ROOT_CLASS = YES_ERROR;
				CLANG_WARN_RANGE_LOOP_ANALYSIS = YES;
				CLANG_WARN_STRICT_PROTOTYPES = YES;
				CLANG_WARN_SUSPICIOUS_MOVE = YES;
				CLANG_WARN_UNGUARDED_AVAILABILITY = YES_AGGRESSIVE;
				CLANG_WARN_UNREACHABLE_CODE = YES;
				CLANG_WARN__DUPLICATE_METHOD_MATCH = YES;
				CODE_SIGN_IDENTITY = "iPhone Developer";
				COPY_PHASE_STRIP = NO;
				DEBUG_INFORMATION_FORMAT = "dwarf-with-dsym";
				ENABLE_NS_ASSERTIONS = NO;
				ENABLE_STRICT_OBJC_MSGSEND = YES;
				GCC_C_LANGUAGE_STANDARD = gnu11;
				GCC_NO_COMMON_BLOCKS = YES;
				GCC_WARN_64_TO_32_BIT_CONVERSION = YES;
				GCC_WARN_ABOUT_RETURN_TYPE = YES_ERROR;
				GCC_WARN_UNDECLARED_SELECTOR = YES;
				GCC_WARN_UNINITIALIZED_AUTOS = YES_AGGRESSIVE;
				GCC_WARN_UNUSED_FUNCTION = YES;
				GCC_WARN_UNUSED_VARIABLE = YES;
				IPHONEOS_DEPLOYMENT_TARGET = 12.4;
				MTL_ENABLE_DEBUG_INFO = NO;
				MTL_FAST_MATH = YES;
				SDKROOT = iphoneos;
				SWIFT_COMPILATION_MODE = wholemodule;
				SWIFT_OPTIMIZATION_LEVEL = "-O";
				VALIDATE_PRODUCT = YES;
			};
			name = Release;
		};
		3C6A116823B5240300F1D8D7 /* Debug */ = {
			isa = XCBuildConfiguration;
			baseConfigurationReference = B3046CF1799289C3D0C7A44B /* Pods-Django.debug.xcconfig */;
			buildSettings = {
				ASSETCATALOG_COMPILER_APPICON_NAME = AppIcon;
				CODE_SIGN_STYLE = Automatic;
				DEVELOPMENT_TEAM = 95W6S3354L;
				INFOPLIST_FILE = Django/Info.plist;
				LD_RUNPATH_SEARCH_PATHS = (
					"$(inherited)",
					"@executable_path/Frameworks",
				);
				PRODUCT_BUNDLE_IDENTIFIER = ShauniVdV.Django;
				PRODUCT_NAME = "$(TARGET_NAME)";
				SWIFT_VERSION = 5.0;
				TARGETED_DEVICE_FAMILY = "1,2";
			};
			name = Debug;
		};
		3C6A116923B5240300F1D8D7 /* Release */ = {
			isa = XCBuildConfiguration;
			baseConfigurationReference = 31202EBC3A048B3ADBCED0EF /* Pods-Django.release.xcconfig */;
			buildSettings = {
				ASSETCATALOG_COMPILER_APPICON_NAME = AppIcon;
				CODE_SIGN_STYLE = Automatic;
				DEVELOPMENT_TEAM = 95W6S3354L;
				INFOPLIST_FILE = Django/Info.plist;
				LD_RUNPATH_SEARCH_PATHS = (
					"$(inherited)",
					"@executable_path/Frameworks",
				);
				PRODUCT_BUNDLE_IDENTIFIER = ShauniVdV.Django;
				PRODUCT_NAME = "$(TARGET_NAME)";
				SWIFT_VERSION = 5.0;
				TARGETED_DEVICE_FAMILY = "1,2";
			};
			name = Release;
		};
		3C6A116B23B5240300F1D8D7 /* Debug */ = {
			isa = XCBuildConfiguration;
			baseConfigurationReference = 426ECA145E8BE7E2F663F7D6 /* Pods-DjangoTests.debug.xcconfig */;
			buildSettings = {
				ALWAYS_EMBED_SWIFT_STANDARD_LIBRARIES = YES;
				BUNDLE_LOADER = "$(TEST_HOST)";
				CODE_SIGN_STYLE = Automatic;
				DEVELOPMENT_TEAM = 95W6S3354L;
				INFOPLIST_FILE = DjangoTests/Info.plist;
				LD_RUNPATH_SEARCH_PATHS = (
					"$(inherited)",
					"@executable_path/Frameworks",
					"@loader_path/Frameworks",
				);
				PRODUCT_BUNDLE_IDENTIFIER = ShauniVdV.DjangoTests;
				PRODUCT_NAME = "$(TARGET_NAME)";
				SWIFT_VERSION = 5.0;
				TARGETED_DEVICE_FAMILY = "1,2";
				TEST_HOST = "$(BUILT_PRODUCTS_DIR)/Django.app/Django";
			};
			name = Debug;
		};
		3C6A116C23B5240300F1D8D7 /* Release */ = {
			isa = XCBuildConfiguration;
			baseConfigurationReference = 958632C288789EBCFD653AAB /* Pods-DjangoTests.release.xcconfig */;
			buildSettings = {
				ALWAYS_EMBED_SWIFT_STANDARD_LIBRARIES = YES;
				BUNDLE_LOADER = "$(TEST_HOST)";
				CODE_SIGN_STYLE = Automatic;
				DEVELOPMENT_TEAM = 95W6S3354L;
				INFOPLIST_FILE = DjangoTests/Info.plist;
				LD_RUNPATH_SEARCH_PATHS = (
					"$(inherited)",
					"@executable_path/Frameworks",
					"@loader_path/Frameworks",
				);
				PRODUCT_BUNDLE_IDENTIFIER = ShauniVdV.DjangoTests;
				PRODUCT_NAME = "$(TARGET_NAME)";
				SWIFT_VERSION = 5.0;
				TARGETED_DEVICE_FAMILY = "1,2";
				TEST_HOST = "$(BUILT_PRODUCTS_DIR)/Django.app/Django";
			};
			name = Release;
		};
		3C6A116E23B5240300F1D8D7 /* Debug */ = {
			isa = XCBuildConfiguration;
			baseConfigurationReference = 72DC61EAEB554C59A77CBE11 /* Pods-Django-DjangoUITests.debug.xcconfig */;
			buildSettings = {
				ALWAYS_EMBED_SWIFT_STANDARD_LIBRARIES = YES;
				CODE_SIGN_STYLE = Automatic;
				DEVELOPMENT_TEAM = 95W6S3354L;
				INFOPLIST_FILE = DjangoUITests/Info.plist;
				LD_RUNPATH_SEARCH_PATHS = (
					"$(inherited)",
					"@executable_path/Frameworks",
					"@loader_path/Frameworks",
				);
				PRODUCT_BUNDLE_IDENTIFIER = ShauniVdV.DjangoUITests;
				PRODUCT_NAME = "$(TARGET_NAME)";
				SWIFT_VERSION = 5.0;
				TARGETED_DEVICE_FAMILY = "1,2";
				TEST_TARGET_NAME = Django;
			};
			name = Debug;
		};
		3C6A116F23B5240300F1D8D7 /* Release */ = {
			isa = XCBuildConfiguration;
			baseConfigurationReference = A0A589CA9FD4EC28C2C891EE /* Pods-Django-DjangoUITests.release.xcconfig */;
			buildSettings = {
				ALWAYS_EMBED_SWIFT_STANDARD_LIBRARIES = YES;
				CODE_SIGN_STYLE = Automatic;
				DEVELOPMENT_TEAM = 95W6S3354L;
				INFOPLIST_FILE = DjangoUITests/Info.plist;
				LD_RUNPATH_SEARCH_PATHS = (
					"$(inherited)",
					"@executable_path/Frameworks",
					"@loader_path/Frameworks",
				);
				PRODUCT_BUNDLE_IDENTIFIER = ShauniVdV.DjangoUITests;
				PRODUCT_NAME = "$(TARGET_NAME)";
				SWIFT_VERSION = 5.0;
				TARGETED_DEVICE_FAMILY = "1,2";
				TEST_TARGET_NAME = Django;
			};
			name = Release;
		};
/* End XCBuildConfiguration section */

/* Begin XCConfigurationList section */
		3C6A113823B5240100F1D8D7 /* Build configuration list for PBXProject "Django" */ = {
			isa = XCConfigurationList;
			buildConfigurations = (
				3C6A116523B5240300F1D8D7 /* Debug */,
				3C6A116623B5240300F1D8D7 /* Release */,
			);
			defaultConfigurationIsVisible = 0;
			defaultConfigurationName = Release;
		};
		3C6A116723B5240300F1D8D7 /* Build configuration list for PBXNativeTarget "Django" */ = {
			isa = XCConfigurationList;
			buildConfigurations = (
				3C6A116823B5240300F1D8D7 /* Debug */,
				3C6A116923B5240300F1D8D7 /* Release */,
			);
			defaultConfigurationIsVisible = 0;
			defaultConfigurationName = Release;
		};
		3C6A116A23B5240300F1D8D7 /* Build configuration list for PBXNativeTarget "DjangoTests" */ = {
			isa = XCConfigurationList;
			buildConfigurations = (
				3C6A116B23B5240300F1D8D7 /* Debug */,
				3C6A116C23B5240300F1D8D7 /* Release */,
			);
			defaultConfigurationIsVisible = 0;
			defaultConfigurationName = Release;
		};
		3C6A116D23B5240300F1D8D7 /* Build configuration list for PBXNativeTarget "DjangoUITests" */ = {
			isa = XCConfigurationList;
			buildConfigurations = (
				3C6A116E23B5240300F1D8D7 /* Debug */,
				3C6A116F23B5240300F1D8D7 /* Release */,
			);
			defaultConfigurationIsVisible = 0;
			defaultConfigurationName = Release;
		};
/* End XCConfigurationList section */
	};
	rootObject = 3C6A113523B5240100F1D8D7 /* Project object */;
}
